
Microsoft Visual Studio Solution File, Format Version 12.00
# Visual Studio Version 17
VisualStudioVersion = 17.5.33530.505
MinimumVisualStudioVersion = 10.0.40219.1
Project("{2150E333-8FDC-42A3-9474-1A3956D46DE8}") = "1.Presentation", "1.Presentation", "{81248D14-9400-4599-BEF9-8BDE462C224A}"
EndProject
Project("{9A19103F-16F7-4668-BE54-9A1E7A4F7556}") = "ThinKsaDev.ItDeveloper.Mvc", "src\ThinKsaDev.ItDeveloper.Mvc\ThinKsaDev.ItDeveloper.Mvc.csproj", "{CEDF6FAA-B89B-44C8-B10C-270403295510}"
EndProject
Project("{2150E333-8FDC-42A3-9474-1A3956D46DE8}") = "3.Domain", "3.Domain", "{3487AA1A-940D-4AF3-8B43-43F5CC2A0184}"
EndProject
Project("{9A19103F-16F7-4668-BE54-9A1E7A4F7556}") = "ThinKsaDev.ItDeveloper.Domain", "src\ThinKsaDev.ItDeveloper.Domain\ThinKsaDev.ItDeveloper.Domain.csproj", "{312AE1A9-EFB8-4E16-A59C-85FB7BBF2344}"
EndProject
Project("{2150E333-8FDC-42A3-9474-1A3956D46DE8}") = "4.Infra", "4.Infra", "{380CDCEA-D843-452A-A761-038A797E5E6C}"
EndProject
Project("{FAE04EC0-301F-11D3-BF4B-00C04F79EFBC}") = "ThinKsaDev.ItDeveloper.Data", "src\ThinKsaDev.ItDeveloper.Data\ThinKsaDev.ItDeveloper.Data.csproj", "{89E69F98-F43E-43A2-9788-394B62ECD1CB}"
EndProject
Global
	GlobalSection(SolutionConfigurationPlatforms) = preSolution
		Debug|Any CPU = Debug|Any CPU
		Release|Any CPU = Release|Any CPU
	EndGlobalSection
	GlobalSection(ProjectConfigurationPlatforms) = postSolution
		{CEDF6FAA-B89B-44C8-B10C-270403295510}.Debug|Any CPU.ActiveCfg = Debug|Any CPU
		{CEDF6FAA-B89B-44C8-B10C-270403295510}.Debug|Any CPU.Build.0 = Debug|Any CPU
		{CEDF6FAA-B89B-44C8-B10C-270403295510}.Release|Any CPU.ActiveCfg = Release|Any CPU
		{CEDF6FAA-B89B-44C8-B10C-270403295510}.Release|Any CPU.Build.0 = Release|Any CPU
		{312AE1A9-EFB8-4E16-A59C-85FB7BBF2344}.Debug|Any CPU.ActiveCfg = Debug|Any CPU
		{312AE1A9-EFB8-4E16-A59C-85FB7BBF2344}.Debug|Any CPU.Build.0 = Debug|Any CPU
		{312AE1A9-EFB8-4E16-A59C-85FB7BBF2344}.Release|Any CPU.ActiveCfg = Release|Any CPU
		{312AE1A9-EFB8-4E16-A59C-85FB7BBF2344}.Release|Any CPU.Build.0 = Release|Any CPU
		{89E69F98-F43E-43A2-9788-394B62ECD1CB}.Debug|Any CPU.ActiveCfg = Debug|Any CPU
		{89E69F98-F43E-43A2-9788-394B62ECD1CB}.Debug|Any CPU.Build.0 = Debug|Any CPU
		{89E69F98-F43E-43A2-9788-394B62ECD1CB}.Release|Any CPU.ActiveCfg = Release|Any CPU
		{89E69F98-F43E-43A2-9788-394B62ECD1CB}.Release|Any CPU.Build.0 = Release|Any CPU
	EndGlobalSection
	GlobalSection(SolutionProperties) = preSolution
		HideSolutionNode = FALSE
	EndGlobalSection
	GlobalSection(NestedProjects) = preSolution
		{CEDF6FAA-B89B-44C8-B10C-270403295510} = {81248D14-9400-4599-BEF9-8BDE462C224A}
		{312AE1A9-EFB8-4E16-A59C-85FB7BBF2344} = {3487AA1A-940D-4AF3-8B43-43F5CC2A0184}
		{89E69F98-F43E-43A2-9788-394B62ECD1CB} = {380CDCEA-D843-452A-A761-038A797E5E6C}
	EndGlobalSection
	GlobalSection(ExtensibilityGlobals) = postSolution
		SolutionGuid = {90A46892-D635-4467-AE94-C8390E173F1A}
	EndGlobalSection
EndGlobal
