
Microsoft Visual Studio Solution File, Format Version 12.00
# Visual Studio Version 17
VisualStudioVersion = 17.5.33530.505
MinimumVisualStudioVersion = 10.0.40219.1
Project("{2150E333-8FDC-42A3-9474-1A3956D46DE8}") = "1.Presentation", "1.Presentation", "{81248D14-9400-4599-BEF9-8BDE462C224A}"
EndProject
Project("{9A19103F-16F7-4668-BE54-9A1E7A4F7556}") = "ThinKsaDev.ItDeveloper.Mvc", "src\Cooperchip.ItDeveloper.Mvc\ThinKsaDev.ItDeveloper.Mvc.csproj", "{E2FBB7B4-4F74-41B2-B2A9-A7F297DC51C1}"
EndProject
Global
	GlobalSection(SolutionConfigurationPlatforms) = preSolution
		Debug|Any CPU = Debug|Any CPU
		Release|Any CPU = Release|Any CPU
	EndGlobalSection
	GlobalSection(ProjectConfigurationPlatforms) = postSolution
		{E2FBB7B4-4F74-41B2-B2A9-A7F297DC51C1}.Debug|Any CPU.ActiveCfg = Debug|Any CPU
		{E2FBB7B4-4F74-41B2-B2A9-A7F297DC51C1}.Debug|Any CPU.Build.0 = Debug|Any CPU
		{E2FBB7B4-4F74-41B2-B2A9-A7F297DC51C1}.Release|Any CPU.ActiveCfg = Release|Any CPU
		{E2FBB7B4-4F74-41B2-B2A9-A7F297DC51C1}.Release|Any CPU.Build.0 = Release|Any CPU
	EndGlobalSection
	GlobalSection(SolutionProperties) = preSolution
		HideSolutionNode = FALSE
	EndGlobalSection
	GlobalSection(NestedProjects) = preSolution
		{E2FBB7B4-4F74-41B2-B2A9-A7F297DC51C1} = {81248D14-9400-4599-BEF9-8BDE462C224A}
	EndGlobalSection
	GlobalSection(ExtensibilityGlobals) = postSolution
		SolutionGuid = {90A46892-D635-4467-AE94-C8390E173F1A}
	EndGlobalSection
EndGlobal
