
Microsoft Visual Studio Solution File, Format Version 12.00
# Visual Studio Version 17
VisualStudioVersion = 17.6.33723.286
MinimumVisualStudioVersion = 10.0.40219.1
Project("{2150E333-8FDC-42A3-9474-1A3956D46DE8}") = "Presentation", "Presentation", "{F6BCEE36-2528-4740-B304-0EF06C4003AF}"
EndProject
Project("{FAE04EC0-301F-11D3-BF4B-00C04F79EFBC}") = "AspNetCore7.ItDeveloper.Mvc", "src\AspNetCore7.ItDeveloper.Mvc\AspNetCore7.ItDeveloper.Mvc.csproj", "{D7A70905-351F-4A2D-B8AF-4F78DD1D6102}"
EndProject
Global
	GlobalSection(SolutionConfigurationPlatforms) = preSolution
		Debug|Any CPU = Debug|Any CPU
		Release|Any CPU = Release|Any CPU
	EndGlobalSection
	GlobalSection(ProjectConfigurationPlatforms) = postSolution
		{D7A70905-351F-4A2D-B8AF-4F78DD1D6102}.Debug|Any CPU.ActiveCfg = Debug|Any CPU
		{D7A70905-351F-4A2D-B8AF-4F78DD1D6102}.Debug|Any CPU.Build.0 = Debug|Any CPU
		{D7A70905-351F-4A2D-B8AF-4F78DD1D6102}.Release|Any CPU.ActiveCfg = Release|Any CPU
		{D7A70905-351F-4A2D-B8AF-4F78DD1D6102}.Release|Any CPU.Build.0 = Release|Any CPU
	EndGlobalSection
	GlobalSection(SolutionProperties) = preSolution
		HideSolutionNode = FALSE
	EndGlobalSection
	GlobalSection(NestedProjects) = preSolution
		{D7A70905-351F-4A2D-B8AF-4F78DD1D6102} = {F6BCEE36-2528-4740-B304-0EF06C4003AF}
	EndGlobalSection
	GlobalSection(ExtensibilityGlobals) = postSolution
		SolutionGuid = {25BFC58B-910F-4B93-8E30-357F6A480DD4}
	EndGlobalSection
EndGlobal
